
Microsoft Visual Studio Solution File, Format Version 12.00
# Visual Studio Version 17
VisualStudioVersion = 17.3.32901.215
MinimumVisualStudioVersion = 10.0.40219.1
Project("{FAE04EC0-301F-11D3-BF4B-00C04F79EFBC}") = "CaseStudyApi", "CaseStudyApi\CaseStudyApi.csproj", "{B459719E-5A67-4D38-B179-D984168BC5FE}"
EndProject
Global
	GlobalSection(SolutionConfigurationPlatforms) = preSolution
		Debug|Any CPU = Debug|Any CPU
		Release|Any CPU = Release|Any CPU
	EndGlobalSection
	GlobalSection(ProjectConfigurationPlatforms) = postSolution
		{B459719E-5A67-4D38-B179-D984168BC5FE}.Debug|Any CPU.ActiveCfg = Debug|Any CPU
		{B459719E-5A67-4D38-B179-D984168BC5FE}.Debug|Any CPU.Build.0 = Debug|Any CPU
		{B459719E-5A67-4D38-B179-D984168BC5FE}.Release|Any CPU.ActiveCfg = Release|Any CPU
		{B459719E-5A67-4D38-B179-D984168BC5FE}.Release|Any CPU.Build.0 = Release|Any CPU
	EndGlobalSection
	GlobalSection(SolutionProperties) = preSolution
		HideSolutionNode = FALSE
	EndGlobalSection
	GlobalSection(ExtensibilityGlobals) = postSolution
		SolutionGuid = {44CAC4DF-993D-47DA-9DC3-CE2DE7338914}
	EndGlobalSection
EndGlobal
